// !$*UTF8*$!
{
	archiveVersion = 1;
	classes = {
	};
	objectVersion = 56;
	objects = {

/* Begin PBXBuildFile section */
		E9C354C82B793B11000D0157 /* AppDelegate.swift in Sources */ = {isa = PBXBuildFile; fileRef = E9C354C72B793B11000D0157 /* AppDelegate.swift */; };
		E9C354CA2B793B13000D0157 /* Assets.xcassets in Resources */ = {isa = PBXBuildFile; fileRef = E9C354C92B793B13000D0157 /* Assets.xcassets */; };
		E9C354CD2B793B13000D0157 /* MainMenu.xib in Resources */ = {isa = PBXBuildFile; fileRef = E9C354CB2B793B13000D0157 /* MainMenu.xib */; };
		E9C354DB2B793B63000D0157 /* AppDelegate.swift in Sources */ = {isa = PBXBuildFile; fileRef = E9C354DA2B793B63000D0157 /* AppDelegate.swift */; };
		E9C354DD2B793B63000D0157 /* SceneDelegate.swift in Sources */ = {isa = PBXBuildFile; fileRef = E9C354DC2B793B63000D0157 /* SceneDelegate.swift */; };
		E9C354DF2B793B63000D0157 /* ViewController.swift in Sources */ = {isa = PBXBuildFile; fileRef = E9C354DE2B793B63000D0157 /* ViewController.swift */; };
		E9C354E22B793B63000D0157 /* Main.storyboard in Resources */ = {isa = PBXBuildFile; fileRef = E9C354E02B793B63000D0157 /* Main.storyboard */; };
		E9C354E42B793B64000D0157 /* Assets.xcassets in Resources */ = {isa = PBXBuildFile; fileRef = E9C354E32B793B64000D0157 /* Assets.xcassets */; };
		E9C354E72B793B64000D0157 /* LaunchScreen.storyboard in Resources */ = {isa = PBXBuildFile; fileRef = E9C354E52B793B64000D0157 /* LaunchScreen.storyboard */; };
		E9C354F52B793C38000D0157 /* SystemSettingsNavigator in Frameworks */ = {isa = PBXBuildFile; productRef = E9C354F42B793C38000D0157 /* SystemSettingsNavigator */; };
		E9C354F72B793C42000D0157 /* SystemSettingsNavigator in Frameworks */ = {isa = PBXBuildFile; productRef = E9C354F62B793C42000D0157 /* SystemSettingsNavigator */; };
/* End PBXBuildFile section */

/* Begin PBXFileReference section */
		E9C354C42B793B11000D0157 /* Example-AppKit.app */ = {isa = PBXFileReference; explicitFileType = wrapper.application; includeInIndex = 0; path = "Example-AppKit.app"; sourceTree = BUILT_PRODUCTS_DIR; };
		E9C354C72B793B11000D0157 /* AppDelegate.swift */ = {isa = PBXFileReference; lastKnownFileType = sourcecode.swift; path = AppDelegate.swift; sourceTree = "<group>"; };
		E9C354C92B793B13000D0157 /* Assets.xcassets */ = {isa = PBXFileReference; lastKnownFileType = folder.assetcatalog; path = Assets.xcassets; sourceTree = "<group>"; };
		E9C354CC2B793B13000D0157 /* Base */ = {isa = PBXFileReference; lastKnownFileType = file.xib; name = Base; path = Base.lproj/MainMenu.xib; sourceTree = "<group>"; };
		E9C354CE2B793B13000D0157 /* Examples.entitlements */ = {isa = PBXFileReference; lastKnownFileType = text.plist.entitlements; path = Examples.entitlements; sourceTree = "<group>"; };
		E9C354D82B793B63000D0157 /* Example-UIKit.app */ = {isa = PBXFileReference; explicitFileType = wrapper.application; includeInIndex = 0; path = "Example-UIKit.app"; sourceTree = BUILT_PRODUCTS_DIR; };
		E9C354DA2B793B63000D0157 /* AppDelegate.swift */ = {isa = PBXFileReference; lastKnownFileType = sourcecode.swift; path = AppDelegate.swift; sourceTree = "<group>"; };
		E9C354DC2B793B63000D0157 /* SceneDelegate.swift */ = {isa = PBXFileReference; lastKnownFileType = sourcecode.swift; path = SceneDelegate.swift; sourceTree = "<group>"; };
		E9C354DE2B793B63000D0157 /* ViewController.swift */ = {isa = PBXFileReference; lastKnownFileType = sourcecode.swift; path = ViewController.swift; sourceTree = "<group>"; };
		E9C354E12B793B63000D0157 /* Base */ = {isa = PBXFileReference; lastKnownFileType = file.storyboard; name = Base; path = Base.lproj/Main.storyboard; sourceTree = "<group>"; };
		E9C354E32B793B64000D0157 /* Assets.xcassets */ = {isa = PBXFileReference; lastKnownFileType = folder.assetcatalog; path = Assets.xcassets; sourceTree = "<group>"; };
		E9C354E62B793B64000D0157 /* Base */ = {isa = PBXFileReference; lastKnownFileType = file.storyboard; name = Base; path = Base.lproj/LaunchScreen.storyboard; sourceTree = "<group>"; };
		E9C354E82B793B64000D0157 /* Info.plist */ = {isa = PBXFileReference; lastKnownFileType = text.plist.xml; path = Info.plist; sourceTree = "<group>"; };
		E9C354EC2B793B72000D0157 /* Example-UIKit.entitlements */ = {isa = PBXFileReference; lastKnownFileType = text.plist.entitlements; path = "Example-UIKit.entitlements"; sourceTree = "<group>"; };
/* End PBXFileReference section */

/* Begin PBXFrameworksBuildPhase section */
		E9C354C12B793B11000D0157 /* Frameworks */ = {
			isa = PBXFrameworksBuildPhase;
			buildActionMask = 2147483647;
			files = (
				E9C354F52B793C38000D0157 /* SystemSettingsNavigator in Frameworks */,
			);
			runOnlyForDeploymentPostprocessing = 0;
		};
		E9C354D52B793B63000D0157 /* Frameworks */ = {
			isa = PBXFrameworksBuildPhase;
			buildActionMask = 2147483647;
			files = (
				E9C354F72B793C42000D0157 /* SystemSettingsNavigator in Frameworks */,
			);
			runOnlyForDeploymentPostprocessing = 0;
		};
/* End PBXFrameworksBuildPhase section */

/* Begin PBXGroup section */
		E9C354BB2B793B11000D0157 = {
			isa = PBXGroup;
			children = (
				E9C354C62B793B11000D0157 /* Example-AppKit */,
				E9C354D92B793B63000D0157 /* Example-UIKit */,
				E9C354C52B793B11000D0157 /* Products */,
				E9C354F32B793C38000D0157 /* Frameworks */,
			);
			sourceTree = "<group>";
		};
		E9C354C52B793B11000D0157 /* Products */ = {
			isa = PBXGroup;
			children = (
				E9C354C42B793B11000D0157 /* Example-AppKit.app */,
				E9C354D82B793B63000D0157 /* Example-UIKit.app */,
			);
			name = Products;
			sourceTree = "<group>";
		};
		E9C354C62B793B11000D0157 /* Example-AppKit */ = {
			isa = PBXGroup;
			children = (
				E9C354C72B793B11000D0157 /* AppDelegate.swift */,
				E9C354C92B793B13000D0157 /* Assets.xcassets */,
				E9C354CB2B793B13000D0157 /* MainMenu.xib */,
				E9C354CE2B793B13000D0157 /* Examples.entitlements */,
			);
			path = "Example-AppKit";
			sourceTree = "<group>";
		};
		E9C354D92B793B63000D0157 /* Example-UIKit */ = {
			isa = PBXGroup;
			children = (
				E9C354EC2B793B72000D0157 /* Example-UIKit.entitlements */,
				E9C354DA2B793B63000D0157 /* AppDelegate.swift */,
				E9C354DC2B793B63000D0157 /* SceneDelegate.swift */,
				E9C354DE2B793B63000D0157 /* ViewController.swift */,
				E9C354E02B793B63000D0157 /* Main.storyboard */,
				E9C354E32B793B64000D0157 /* Assets.xcassets */,
				E9C354E52B793B64000D0157 /* LaunchScreen.storyboard */,
				E9C354E82B793B64000D0157 /* Info.plist */,
			);
			path = "Example-UIKit";
			sourceTree = "<group>";
		};
		E9C354F32B793C38000D0157 /* Frameworks */ = {
			isa = PBXGroup;
			children = (
			);
			name = Frameworks;
			sourceTree = "<group>";
		};
/* End PBXGroup section */

/* Begin PBXNativeTarget section */
		E9C354C32B793B11000D0157 /* Example-AppKit */ = {
			isa = PBXNativeTarget;
			buildConfigurationList = E9C354D12B793B13000D0157 /* Build configuration list for PBXNativeTarget "Example-AppKit" */;
			buildPhases = (
				E9C354C02B793B11000D0157 /* Sources */,
				E9C354C12B793B11000D0157 /* Frameworks */,
				E9C354C22B793B11000D0157 /* Resources */,
			);
			buildRules = (
			);
			dependencies = (
			);
			name = "Example-AppKit";
			packageProductDependencies = (
				E9C354F42B793C38000D0157 /* SystemSettingsNavigator */,
			);
			productName = Examples;
			productReference = E9C354C42B793B11000D0157 /* Example-AppKit.app */;
			productType = "com.apple.product-type.application";
		};
		E9C354D72B793B63000D0157 /* Example-UIKit */ = {
			isa = PBXNativeTarget;
			buildConfigurationList = E9C354E92B793B64000D0157 /* Build configuration list for PBXNativeTarget "Example-UIKit" */;
			buildPhases = (
				E9C354D42B793B63000D0157 /* Sources */,
				E9C354D52B793B63000D0157 /* Frameworks */,
				E9C354D62B793B63000D0157 /* Resources */,
			);
			buildRules = (
			);
			dependencies = (
			);
			name = "Example-UIKit";
			packageProductDependencies = (
				E9C354F62B793C42000D0157 /* SystemSettingsNavigator */,
			);
			productName = "Example-UIKit";
			productReference = E9C354D82B793B63000D0157 /* Example-UIKit.app */;
			productType = "com.apple.product-type.application";
		};
/* End PBXNativeTarget section */

/* Begin PBXProject section */
		E9C354BC2B793B11000D0157 /* Project object */ = {
			isa = PBXProject;
			attributes = {
				BuildIndependentTargetsInParallel = 1;
				LastSwiftUpdateCheck = 1520;
				LastUpgradeCheck = 1520;
				TargetAttributes = {
					E9C354C32B793B11000D0157 = {
						CreatedOnToolsVersion = 15.2;
					};
					E9C354D72B793B63000D0157 = {
						CreatedOnToolsVersion = 15.2;
					};
				};
			};
			buildConfigurationList = E9C354BF2B793B11000D0157 /* Build configuration list for PBXProject "Examples" */;
			compatibilityVersion = "Xcode 14.0";
			developmentRegion = en;
			hasScannedForEncodings = 0;
			knownRegions = (
				en,
				Base,
			);
			mainGroup = E9C354BB2B793B11000D0157;
			packageReferences = (
			);
			productRefGroup = E9C354C52B793B11000D0157 /* Products */;
			projectDirPath = "";
			projectRoot = "";
			targets = (
				E9C354C32B793B11000D0157 /* Example-AppKit */,
				E9C354D72B793B63000D0157 /* Example-UIKit */,
			);
		};
/* End PBXProject section */

/* Begin PBXResourcesBuildPhase section */
		E9C354C22B793B11000D0157 /* Resources */ = {
			isa = PBXResourcesBuildPhase;
			buildActionMask = 2147483647;
			files = (
				E9C354CA2B793B13000D0157 /* Assets.xcassets in Resources */,
				E9C354CD2B793B13000D0157 /* MainMenu.xib in Resources */,
			);
			runOnlyForDeploymentPostprocessing = 0;
		};
		E9C354D62B793B63000D0157 /* Resources */ = {
			isa = PBXResourcesBuildPhase;
			buildActionMask = 2147483647;
			files = (
				E9C354E72B793B64000D0157 /* LaunchScreen.storyboard in Resources */,
				E9C354E42B793B64000D0157 /* Assets.xcassets in Resources */,
				E9C354E22B793B63000D0157 /* Main.storyboard in Resources */,
			);
			runOnlyForDeploymentPostprocessing = 0;
		};
/* End PBXResourcesBuildPhase section */

/* Begin PBXSourcesBuildPhase section */
		E9C354C02B793B11000D0157 /* Sources */ = {
			isa = PBXSourcesBuildPhase;
			buildActionMask = 2147483647;
			files = (
				E9C354C82B793B11000D0157 /* AppDelegate.swift in Sources */,
			);
			runOnlyForDeploymentPostprocessing = 0;
		};
		E9C354D42B793B63000D0157 /* Sources */ = {
			isa = PBXSourcesBuildPhase;
			buildActionMask = 2147483647;
			files = (
				E9C354DF2B793B63000D0157 /* ViewController.swift in Sources */,
				E9C354DB2B793B63000D0157 /* AppDelegate.swift in Sources */,
				E9C354DD2B793B63000D0157 /* SceneDelegate.swift in Sources */,
			);
			runOnlyForDeploymentPostprocessing = 0;
		};
/* End PBXSourcesBuildPhase section */

/* Begin PBXVariantGroup section */
		E9C354CB2B793B13000D0157 /* MainMenu.xib */ = {
			isa = PBXVariantGroup;
			children = (
				E9C354CC2B793B13000D0157 /* Base */,
			);
			name = MainMenu.xib;
			sourceTree = "<group>";
		};
		E9C354E02B793B63000D0157 /* Main.storyboard */ = {
			isa = PBXVariantGroup;
			children = (
				E9C354E12B793B63000D0157 /* Base */,
			);
			name = Main.storyboard;
			sourceTree = "<group>";
		};
		E9C354E52B793B64000D0157 /* LaunchScreen.storyboard */ = {
			isa = PBXVariantGroup;
			children = (
				E9C354E62B793B64000D0157 /* Base */,
			);
			name = LaunchScreen.storyboard;
			sourceTree = "<group>";
		};
/* End PBXVariantGroup section */

/* Begin XCBuildConfiguration section */
		E9C354CF2B793B13000D0157 /* Debug */ = {
			isa = XCBuildConfiguration;
			buildSettings = {
				ALWAYS_SEARCH_USER_PATHS = NO;
				ASSETCATALOG_COMPILER_GENERATE_SWIFT_ASSET_SYMBOL_EXTENSIONS = YES;
				CLANG_ANALYZER_NONNULL = YES;
				CLANG_ANALYZER_NUMBER_OBJECT_CONVERSION = YES_AGGRESSIVE;
				CLANG_CXX_LANGUAGE_STANDARD = "gnu++20";
				CLANG_ENABLE_MODULES = YES;
				CLANG_ENABLE_OBJC_ARC = YES;
				CLANG_ENABLE_OBJC_WEAK = YES;
				CLANG_WARN_BLOCK_CAPTURE_AUTORELEASING = YES;
				CLANG_WARN_BOOL_CONVERSION = YES;
				CLANG_WARN_COMMA = YES;
				CLANG_WARN_CONSTANT_CONVERSION = YES;
				CLANG_WARN_DEPRECATED_OBJC_IMPLEMENTATIONS = YES;
				CLANG_WARN_DIRECT_OBJC_ISA_USAGE = YES_ERROR;
				CLANG_WARN_DOCUMENTATION_COMMENTS = YES;
				CLANG_WARN_EMPTY_BODY = YES;
				CLANG_WARN_ENUM_CONVERSION = YES;
				CLANG_WARN_INFINITE_RECURSION = YES;
				CLANG_WARN_INT_CONVERSION = YES;
				CLANG_WARN_NON_LITERAL_NULL_CONVERSION = YES;
				CLANG_WARN_OBJC_IMPLICIT_RETAIN_SELF = YES;
				CLANG_WARN_OBJC_LITERAL_CONVERSION = YES;
				CLANG_WARN_OBJC_ROOT_CLASS = YES_ERROR;
				CLANG_WARN_QUOTED_INCLUDE_IN_FRAMEWORK_HEADER = YES;
				CLANG_WARN_RANGE_LOOP_ANALYSIS = YES;
				CLANG_WARN_STRICT_PROTOTYPES = YES;
				CLANG_WARN_SUSPICIOUS_MOVE = YES;
				CLANG_WARN_UNGUARDED_AVAILABILITY = YES_AGGRESSIVE;
				CLANG_WARN_UNREACHABLE_CODE = YES;
				CLANG_WARN__DUPLICATE_METHOD_MATCH = YES;
				COPY_PHASE_STRIP = NO;
				DEBUG_INFORMATION_FORMAT = dwarf;
				ENABLE_STRICT_OBJC_MSGSEND = YES;
				ENABLE_TESTABILITY = YES;
				ENABLE_USER_SCRIPT_SANDBOXING = YES;
				GCC_C_LANGUAGE_STANDARD = gnu17;
				GCC_DYNAMIC_NO_PIC = NO;
				GCC_NO_COMMON_BLOCKS = YES;
				GCC_OPTIMIZATION_LEVEL = 0;
				GCC_PREPROCESSOR_DEFINITIONS = (
					"DEBUG=1",
					"$(inherited)",
				);
				GCC_WARN_64_TO_32_BIT_CONVERSION = YES;
				GCC_WARN_ABOUT_RETURN_TYPE = YES_ERROR;
				GCC_WARN_UNDECLARED_SELECTOR = YES;
				GCC_WARN_UNINITIALIZED_AUTOS = YES_AGGRESSIVE;
				GCC_WARN_UNUSED_FUNCTION = YES;
				GCC_WARN_UNUSED_VARIABLE = YES;
				LOCALIZATION_PREFERS_STRING_CATALOGS = YES;
				MACOSX_DEPLOYMENT_TARGET = 14.2;
				MTL_ENABLE_DEBUG_INFO = INCLUDE_SOURCE;
				MTL_FAST_MATH = YES;
				ONLY_ACTIVE_ARCH = YES;
				SDKROOT = macosx;
				SWIFT_ACTIVE_COMPILATION_CONDITIONS = "DEBUG $(inherited)";
				SWIFT_OPTIMIZATION_LEVEL = "-Onone";
			};
			name = Debug;
		};
		E9C354D02B793B13000D0157 /* Release */ = {
			isa = XCBuildConfiguration;
			buildSettings = {
				ALWAYS_SEARCH_USER_PATHS = NO;
				ASSETCATALOG_COMPILER_GENERATE_SWIFT_ASSET_SYMBOL_EXTENSIONS = YES;
				CLANG_ANALYZER_NONNULL = YES;
				CLANG_ANALYZER_NUMBER_OBJECT_CONVERSION = YES_AGGRESSIVE;
				CLANG_CXX_LANGUAGE_STANDARD = "gnu++20";
				CLANG_ENABLE_MODULES = YES;
				CLANG_ENABLE_OBJC_ARC = YES;
				CLANG_ENABLE_OBJC_WEAK = YES;
				CLANG_WARN_BLOCK_CAPTURE_AUTORELEASING = YES;
				CLANG_WARN_BOOL_CONVERSION = YES;
				CLANG_WARN_COMMA = YES;
				CLANG_WARN_CONSTANT_CONVERSION = YES;
				CLANG_WARN_DEPRECATED_OBJC_IMPLEMENTATIONS = YES;
				CLANG_WARN_DIRECT_OBJC_ISA_USAGE = YES_ERROR;
				CLANG_WARN_DOCUMENTATION_COMMENTS = YES;
				CLANG_WARN_EMPTY_BODY = YES;
				CLANG_WARN_ENUM_CONVERSION = YES;
				CLANG_WARN_INFINITE_RECURSION = YES;
				CLANG_WARN_INT_CONVERSION = YES;
				CLANG_WARN_NON_LITERAL_NULL_CONVERSION = YES;
				CLANG_WARN_OBJC_IMPLICIT_RETAIN_SELF = YES;
				CLANG_WARN_OBJC_LITERAL_CONVERSION = YES;
				CLANG_WARN_OBJC_ROOT_CLASS = YES_ERROR;
				CLANG_WARN_QUOTED_INCLUDE_IN_FRAMEWORK_HEADER = YES;
				CLANG_WARN_RANGE_LOOP_ANALYSIS = YES;
				CLANG_WARN_STRICT_PROTOTYPES = YES;
				CLANG_WARN_SUSPICIOUS_MOVE = YES;
				CLANG_WARN_UNGUARDED_AVAILABILITY = YES_AGGRESSIVE;
				CLANG_WARN_UNREACHABLE_CODE = YES;
				CLANG_WARN__DUPLICATE_METHOD_MATCH = YES;
				COPY_PHASE_STRIP = NO;
				DEBUG_INFORMATION_FORMAT = "dwarf-with-dsym";
				ENABLE_NS_ASSERTIONS = NO;
				ENABLE_STRICT_OBJC_MSGSEND = YES;
				ENABLE_USER_SCRIPT_SANDBOXING = YES;
				GCC_C_LANGUAGE_STANDARD = gnu17;
				GCC_NO_COMMON_BLOCKS = YES;
				GCC_WARN_64_TO_32_BIT_CONVERSION = YES;
				GCC_WARN_ABOUT_RETURN_TYPE = YES_ERROR;
				GCC_WARN_UNDECLARED_SELECTOR = YES;
				GCC_WARN_UNINITIALIZED_AUTOS = YES_AGGRESSIVE;
				GCC_WARN_UNUSED_FUNCTION = YES;
				GCC_WARN_UNUSED_VARIABLE = YES;
				LOCALIZATION_PREFERS_STRING_CATALOGS = YES;
				MACOSX_DEPLOYMENT_TARGET = 14.2;
				MTL_ENABLE_DEBUG_INFO = NO;
				MTL_FAST_MATH = YES;
				SDKROOT = macosx;
				SWIFT_COMPILATION_MODE = wholemodule;
			};
			name = Release;
		};
		E9C354D22B793B13000D0157 /* Debug */ = {
			isa = XCBuildConfiguration;
			buildSettings = {
				ASSETCATALOG_COMPILER_APPICON_NAME = AppIcon;
				ASSETCATALOG_COMPILER_GLOBAL_ACCENT_COLOR_NAME = AccentColor;
				CODE_SIGN_ENTITLEMENTS = "Example-AppKit/Examples.entitlements";
				CODE_SIGN_STYLE = Automatic;
				COMBINE_HIDPI_IMAGES = YES;
				CURRENT_PROJECT_VERSION = 1;
				GENERATE_INFOPLIST_FILE = YES;
				INFOPLIST_KEY_NSHumanReadableCopyright = "";
				INFOPLIST_KEY_NSMainNibFile = MainMenu;
				INFOPLIST_KEY_NSPrincipalClass = NSApplication;
				LD_RUNPATH_SEARCH_PATHS = (
					"$(inherited)",
					"@executable_path/../Frameworks",
				);
				MACOSX_DEPLOYMENT_TARGET = 13.0;
				MARKETING_VERSION = 1.0;
				PRODUCT_BUNDLE_IDENTIFIER = com.JH.Examples;
				PRODUCT_NAME = "$(TARGET_NAME)";
				SWIFT_EMIT_LOC_STRINGS = YES;
				SWIFT_VERSION = 5.0;
			};
			name = Debug;
		};
		E9C354D32B793B13000D0157 /* Release */ = {
			isa = XCBuildConfiguration;
			buildSettings = {
				ASSETCATALOG_COMPILER_APPICON_NAME = AppIcon;
				ASSETCATALOG_COMPILER_GLOBAL_ACCENT_COLOR_NAME = AccentColor;
				CODE_SIGN_ENTITLEMENTS = "Example-AppKit/Examples.entitlements";
				CODE_SIGN_STYLE = Automatic;
				COMBINE_HIDPI_IMAGES = YES;
				CURRENT_PROJECT_VERSION = 1;
				GENERATE_INFOPLIST_FILE = YES;
				INFOPLIST_KEY_NSHumanReadableCopyright = "";
				INFOPLIST_KEY_NSMainNibFile = MainMenu;
				INFOPLIST_KEY_NSPrincipalClass = NSApplication;
				LD_RUNPATH_SEARCH_PATHS = (
					"$(inherited)",
					"@executable_path/../Frameworks",
				);
				MACOSX_DEPLOYMENT_TARGET = 13.0;
				MARKETING_VERSION = 1.0;
				PRODUCT_BUNDLE_IDENTIFIER = com.JH.Examples;
				PRODUCT_NAME = "$(TARGET_NAME)";
				SWIFT_EMIT_LOC_STRINGS = YES;
				SWIFT_VERSION = 5.0;
			};
			name = Release;
		};
		E9C354EA2B793B64000D0157 /* Debug */ = {
			isa = XCBuildConfiguration;
			buildSettings = {
				ASSETCATALOG_COMPILER_APPICON_NAME = AppIcon;
				ASSETCATALOG_COMPILER_GLOBAL_ACCENT_COLOR_NAME = AccentColor;
				CODE_SIGN_ENTITLEMENTS = "Example-UIKit/Example-UIKit.entitlements";
				"CODE_SIGN_IDENTITY[sdk=macosx*]" = "-";
				CODE_SIGN_STYLE = Automatic;
				CURRENT_PROJECT_VERSION = 1;
				GENERATE_INFOPLIST_FILE = YES;
				INFOPLIST_FILE = "Example-UIKit/Info.plist";
				INFOPLIST_KEY_UIApplicationSupportsIndirectInputEvents = YES;
				INFOPLIST_KEY_UILaunchStoryboardName = LaunchScreen;
				INFOPLIST_KEY_UIMainStoryboardFile = Main;
				INFOPLIST_KEY_UISupportedInterfaceOrientations_iPad = "UIInterfaceOrientationPortrait UIInterfaceOrientationPortraitUpsideDown UIInterfaceOrientationLandscapeLeft UIInterfaceOrientationLandscapeRight";
				INFOPLIST_KEY_UISupportedInterfaceOrientations_iPhone = "UIInterfaceOrientationPortrait UIInterfaceOrientationLandscapeLeft UIInterfaceOrientationLandscapeRight";
				IPHONEOS_DEPLOYMENT_TARGET = 16.0;
				LD_RUNPATH_SEARCH_PATHS = (
					"$(inherited)",
					"@executable_path/Frameworks",
				);
				MARKETING_VERSION = 1.0;
				PRODUCT_BUNDLE_IDENTIFIER = "com.JH.Example-UIKit";
				PRODUCT_NAME = "$(TARGET_NAME)";
				SDKROOT = iphoneos;
				SUPPORTED_PLATFORMS = "iphoneos iphonesimulator";
				SUPPORTS_MACCATALYST = YES;
				SWIFT_EMIT_LOC_STRINGS = YES;
				SWIFT_VERSION = 5.0;
				TARGETED_DEVICE_FAMILY = "1,2";
			};
			name = Debug;
		};
		E9C354EB2B793B64000D0157 /* Release */ = {
			isa = XCBuildConfiguration;
			buildSettings = {
				ASSETCATALOG_COMPILER_APPICON_NAME = AppIcon;
				ASSETCATALOG_COMPILER_GLOBAL_ACCENT_COLOR_NAME = AccentColor;
				CODE_SIGN_ENTITLEMENTS = "Example-UIKit/Example-UIKit.entitlements";
				"CODE_SIGN_IDENTITY[sdk=macosx*]" = "-";
				CODE_SIGN_STYLE = Automatic;
				CURRENT_PROJECT_VERSION = 1;
				GENERATE_INFOPLIST_FILE = YES;
				INFOPLIST_FILE = "Example-UIKit/Info.plist";
				INFOPLIST_KEY_UIApplicationSupportsIndirectInputEvents = YES;
				INFOPLIST_KEY_UILaunchStoryboardName = LaunchScreen;
				INFOPLIST_KEY_UIMainStoryboardFile = Main;
				INFOPLIST_KEY_UISupportedInterfaceOrientations_iPad = "UIInterfaceOrientationPortrait UIInterfaceOrientationPortraitUpsideDown UIInterfaceOrientationLandscapeLeft UIInterfaceOrientationLandscapeRight";
				INFOPLIST_KEY_UISupportedInterfaceOrientations_iPhone = "UIInterfaceOrientationPortrait UIInterfaceOrientationLandscapeLeft UIInterfaceOrientationLandscapeRight";
				IPHONEOS_DEPLOYMENT_TARGET = 16.0;
				LD_RUNPATH_SEARCH_PATHS = (
					"$(inherited)",
					"@executable_path/Frameworks",
				);
				MARKETING_VERSION = 1.0;
				PRODUCT_BUNDLE_IDENTIFIER = "com.JH.Example-UIKit";
				PRODUCT_NAME = "$(TARGET_NAME)";
				SDKROOT = iphoneos;
				SUPPORTED_PLATFORMS = "iphoneos iphonesimulator";
				SUPPORTS_MACCATALYST = YES;
				SWIFT_EMIT_LOC_STRINGS = YES;
				SWIFT_VERSION = 5.0;
				TARGETED_DEVICE_FAMILY = "1,2";
				VALIDATE_PRODUCT = YES;
			};
			name = Release;
		};
/* End XCBuildConfiguration section */

/* Begin XCConfigurationList section */
		E9C354BF2B793B11000D0157 /* Build configuration list for PBXProject "Examples" */ = {
			isa = XCConfigurationList;
			buildConfigurations = (
				E9C354CF2B793B13000D0157 /* Debug */,
				E9C354D02B793B13000D0157 /* Release */,
			);
			defaultConfigurationIsVisible = 0;
			defaultConfigurationName = Release;
		};
		E9C354D12B793B13000D0157 /* Build configuration list for PBXNativeTarget "Example-AppKit" */ = {
			isa = XCConfigurationList;
			buildConfigurations = (
				E9C354D22B793B13000D0157 /* Debug */,
				E9C354D32B793B13000D0157 /* Release */,
			);
			defaultConfigurationIsVisible = 0;
			defaultConfigurationName = Release;
		};
		E9C354E92B793B64000D0157 /* Build configuration list for PBXNativeTarget "Example-UIKit" */ = {
			isa = XCConfigurationList;
			buildConfigurations = (
				E9C354EA2B793B64000D0157 /* Debug */,
				E9C354EB2B793B64000D0157 /* Release */,
			);
			defaultConfigurationIsVisible = 0;
			defaultConfigurationName = Release;
		};
/* End XCConfigurationList section */

/* Begin XCSwiftPackageProductDependency section */
		E9C354F42B793C38000D0157 /* SystemSettingsNavigator */ = {
			isa = XCSwiftPackageProductDependency;
			productName = SystemSettingsNavigator;
		};
		E9C354F62B793C42000D0157 /* SystemSettingsNavigator */ = {
			isa = XCSwiftPackageProductDependency;
			productName = SystemSettingsNavigator;
		};
/* End XCSwiftPackageProductDependency section */
	};
	rootObject = E9C354BC2B793B11000D0157 /* Project object */;
}
